// !$*UTF8*$!
{
	archiveVersion = 1;
	classes = {
	};
	objectVersion = 46;
	objects = {

/* Begin PBXBuildFile section */
		DF1B2F291BAB60470031FA2B /* AddressMapSwitch.swift in Sources */ = {isa = PBXBuildFile; fileRef = DF1B2F281BAB60470031FA2B /* AddressMapSwitch.swift */; };
		DF1B2F2D1BADB9640031FA2B /* Pin.swift in Sources */ = {isa = PBXBuildFile; fileRef = DF1B2F2C1BADB9640031FA2B /* Pin.swift */; };
		DF1B2F6C1BAF031F0031FA2B /* CapitalizeStreetName.swift in Sources */ = {isa = PBXBuildFile; fileRef = DF1B2F6B1BAF031F0031FA2B /* CapitalizeStreetName.swift */; };
		DF1B2F6E1BAF0BC60031FA2B /* ValidateAddressInput.swift in Sources */ = {isa = PBXBuildFile; fileRef = DF1B2F6D1BAF0BC60031FA2B /* ValidateAddressInput.swift */; };
		DF5851511BE99E4C00DC5CA6 /* PhillyDataClient.swift in Sources */ = {isa = PBXBuildFile; fileRef = DF5851501BE99E4C00DC5CA6 /* PhillyDataClient.swift */; };
		DF5851751BE9A43000DC5CA6 /* PhillyDataClientConstants.swift in Sources */ = {isa = PBXBuildFile; fileRef = DF5851741BE9A43000DC5CA6 /* PhillyDataClientConstants.swift */; };
		DF5A4D391BA75BA8007CD7D8 /* DGRunKeeperSwitch.swift in Sources */ = {isa = PBXBuildFile; fileRef = DF5A4D381BA75BA8007CD7D8 /* DGRunKeeperSwitch.swift */; };
		DF80FBE51BA9E47C00B6D2CE /* BlockDetailViewController.swift in Sources */ = {isa = PBXBuildFile; fileRef = DF80FBE41BA9E47C00B6D2CE /* BlockDetailViewController.swift */; };
		DF80FBE71BA9E48900B6D2CE /* PropertyDetailViewController.swift in Sources */ = {isa = PBXBuildFile; fileRef = DF80FBE61BA9E48900B6D2CE /* PropertyDetailViewController.swift */; };
		DF80FBEB1BAA0E8100B6D2CE /* FindBlockButton.swift in Sources */ = {isa = PBXBuildFile; fileRef = DF80FBEA1BAA0E8100B6D2CE /* FindBlockButton.swift */; };
		DF80FBED1BAA0F0D00B6D2CE /* ColorsExtension.swift in Sources */ = {isa = PBXBuildFile; fileRef = DF80FBEC1BAA0F0D00B6D2CE /* ColorsExtension.swift */; };
		DFBBFDB71BB0FCC900DB563A /* InfoViewController.swift in Sources */ = {isa = PBXBuildFile; fileRef = DFBBFDB61BB0FCC900DB563A /* InfoViewController.swift */; };
		DFBD9EE71BE469E7005845D5 /* about.html in Resources */ = {isa = PBXBuildFile; fileRef = DFBD9EE61BE469E7005845D5 /* about.html */; };
		DFC1D94F1BA6847F002482C4 /* AppDelegate.swift in Sources */ = {isa = PBXBuildFile; fileRef = DFC1D94E1BA6847F002482C4 /* AppDelegate.swift */; };
		DFC1D9511BA6847F002482C4 /* AddBlockViewController.swift in Sources */ = {isa = PBXBuildFile; fileRef = DFC1D9501BA6847F002482C4 /* AddBlockViewController.swift */; };
		DFC1D9541BA6847F002482C4 /* Main.storyboard in Resources */ = {isa = PBXBuildFile; fileRef = DFC1D9521BA6847F002482C4 /* Main.storyboard */; };
		DFC1D9571BA6847F002482C4 /* PropPHL.xcdatamodeld in Sources */ = {isa = PBXBuildFile; fileRef = DFC1D9551BA6847F002482C4 /* PropPHL.xcdatamodeld */; };
		DFC1D9591BA6847F002482C4 /* Assets.xcassets in Resources */ = {isa = PBXBuildFile; fileRef = DFC1D9581BA6847F002482C4 /* Assets.xcassets */; };
		DFC1D95C1BA6847F002482C4 /* LaunchScreen.storyboard in Resources */ = {isa = PBXBuildFile; fileRef = DFC1D95A1BA6847F002482C4 /* LaunchScreen.storyboard */; };
		DFC1D9671BA6847F002482C4 /* PropPHLTests.swift in Sources */ = {isa = PBXBuildFile; fileRef = DFC1D9661BA6847F002482C4 /* PropPHLTests.swift */; };
		DFC1D9721BA6847F002482C4 /* PropPHLUITests.swift in Sources */ = {isa = PBXBuildFile; fileRef = DFC1D9711BA6847F002482C4 /* PropPHLUITests.swift */; };
		DFC1D9831BA6850E002482C4 /* CoreDataStackManager.swift in Sources */ = {isa = PBXBuildFile; fileRef = DFC1D9821BA6850E002482C4 /* CoreDataStackManager.swift */; };
		DFC1D9871BA6887E002482C4 /* PHLOPAClient.swift in Sources */ = {isa = PBXBuildFile; fileRef = DFC1D9861BA6887E002482C4 /* PHLOPAClient.swift */; };
		DFC1D9891BA68896002482C4 /* Property.swift in Sources */ = {isa = PBXBuildFile; fileRef = DFC1D9881BA68896002482C4 /* Property.swift */; };
		DFC1D98B1BA6890F002482C4 /* BlockTableViewController.swift in Sources */ = {isa = PBXBuildFile; fileRef = DFC1D98A1BA6890F002482C4 /* BlockTableViewController.swift */; };
		DFC1D9911BA68C31002482C4 /* PropertyTableViewController.swift in Sources */ = {isa = PBXBuildFile; fileRef = DFC1D9901BA68C31002482C4 /* PropertyTableViewController.swift */; };
		DFC1D9931BA694D2002482C4 /* Block.swift in Sources */ = {isa = PBXBuildFile; fileRef = DFC1D9921BA694D2002482C4 /* Block.swift */; };
		DFD5B9FD1BB39F4000A04CDE /* PropertyDetailTableViewController.swift in Sources */ = {isa = PBXBuildFile; fileRef = DFD5B9FC1BB39F4000A04CDE /* PropertyDetailTableViewController.swift */; };
		DFD8BF191BB34D9F008B7C9D /* BlockDetailTableViewController.swift in Sources */ = {isa = PBXBuildFile; fileRef = DFD8BF181BB34D9F008B7C9D /* BlockDetailTableViewController.swift */; };
/* End PBXBuildFile section */

/* Begin PBXContainerItemProxy section */
		DFC1D9631BA6847F002482C4 /* PBXContainerItemProxy */ = {
			isa = PBXContainerItemProxy;
			containerPortal = DFC1D9431BA6847E002482C4 /* Project object */;
			proxyType = 1;
			remoteGlobalIDString = DFC1D94A1BA6847E002482C4;
			remoteInfo = PropPHL;
		};
		DFC1D96E1BA6847F002482C4 /* PBXContainerItemProxy */ = {
			isa = PBXContainerItemProxy;
			containerPortal = DFC1D9431BA6847E002482C4 /* Project object */;
			proxyType = 1;
			remoteGlobalIDString = DFC1D94A1BA6847E002482C4;
			remoteInfo = PropPHL;
		};
/* End PBXContainerItemProxy section */

/* Begin PBXFileReference section */
		DF0190EC1BB61EBF00B742CF /* ElfrethsAlley.gpx */ = {isa = PBXFileReference; lastKnownFileType = text.xml; path = ElfrethsAlley.gpx; sourceTree = "<group>"; };
		DF0190EE1BB6239500B742CF /* Stadiums.gpx */ = {isa = PBXFileReference; lastKnownFileType = text.xml; path = Stadiums.gpx; sourceTree = "<group>"; };
		DF0190EF1BB6241300B742CF /* ItalianMarket.gpx */ = {isa = PBXFileReference; lastKnownFileType = text.xml; path = ItalianMarket.gpx; sourceTree = "<group>"; };
		DF0190F01BB6248700B742CF /* Parkway.gpx */ = {isa = PBXFileReference; lastKnownFileType = text.xml; path = Parkway.gpx; sourceTree = "<group>"; };
		DF0190F11BB624ED00B742CF /* Penn.gpx */ = {isa = PBXFileReference; lastKnownFileType = text.xml; path = Penn.gpx; sourceTree = "<group>"; };
		DF0190F21BB6254300B742CF /* Manayunk.gpx */ = {isa = PBXFileReference; lastKnownFileType = text.xml; path = Manayunk.gpx; sourceTree = "<group>"; };
		DF1B2F281BAB60470031FA2B /* AddressMapSwitch.swift */ = {isa = PBXFileReference; fileEncoding = 4; lastKnownFileType = sourcecode.swift; path = AddressMapSwitch.swift; sourceTree = "<group>"; };
		DF1B2F2C1BADB9640031FA2B /* Pin.swift */ = {isa = PBXFileReference; fileEncoding = 4; lastKnownFileType = sourcecode.swift; path = Pin.swift; sourceTree = "<group>"; };
		DF1B2F6B1BAF031F0031FA2B /* CapitalizeStreetName.swift */ = {isa = PBXFileReference; fileEncoding = 4; lastKnownFileType = sourcecode.swift; path = CapitalizeStreetName.swift; sourceTree = "<group>"; };
		DF1B2F6D1BAF0BC60031FA2B /* ValidateAddressInput.swift */ = {isa = PBXFileReference; fileEncoding = 4; lastKnownFileType = sourcecode.swift; path = ValidateAddressInput.swift; sourceTree = "<group>"; };
		DF5851501BE99E4C00DC5CA6 /* PhillyDataClient.swift */ = {isa = PBXFileReference; fileEncoding = 4; lastKnownFileType = sourcecode.swift; path = PhillyDataClient.swift; sourceTree = "<group>"; };
		DF5851741BE9A43000DC5CA6 /* PhillyDataClientConstants.swift */ = {isa = PBXFileReference; fileEncoding = 4; lastKnownFileType = sourcecode.swift; path = PhillyDataClientConstants.swift; sourceTree = "<group>"; };
		DF5A4D381BA75BA8007CD7D8 /* DGRunKeeperSwitch.swift */ = {isa = PBXFileReference; fileEncoding = 4; lastKnownFileType = sourcecode.swift; path = DGRunKeeperSwitch.swift; sourceTree = "<group>"; };
		DF80FBE41BA9E47C00B6D2CE /* BlockDetailViewController.swift */ = {isa = PBXFileReference; fileEncoding = 4; lastKnownFileType = sourcecode.swift; path = BlockDetailViewController.swift; sourceTree = "<group>"; };
		DF80FBE61BA9E48900B6D2CE /* PropertyDetailViewController.swift */ = {isa = PBXFileReference; fileEncoding = 4; lastKnownFileType = sourcecode.swift; path = PropertyDetailViewController.swift; sourceTree = "<group>"; };
		DF80FBEA1BAA0E8100B6D2CE /* FindBlockButton.swift */ = {isa = PBXFileReference; fileEncoding = 4; lastKnownFileType = sourcecode.swift; path = FindBlockButton.swift; sourceTree = "<group>"; };
		DF80FBEC1BAA0F0D00B6D2CE /* ColorsExtension.swift */ = {isa = PBXFileReference; fileEncoding = 4; lastKnownFileType = sourcecode.swift; path = ColorsExtension.swift; sourceTree = "<group>"; };
		DFBBFDB61BB0FCC900DB563A /* InfoViewController.swift */ = {isa = PBXFileReference; fileEncoding = 4; lastKnownFileType = sourcecode.swift; path = InfoViewController.swift; sourceTree = "<group>"; };
		DFBD9EE61BE469E7005845D5 /* about.html */ = {isa = PBXFileReference; fileEncoding = 4; lastKnownFileType = text.html; path = about.html; sourceTree = "<group>"; };
		DFC1D94B1BA6847E002482C4 /* ValPHL.app */ = {isa = PBXFileReference; explicitFileType = wrapper.application; includeInIndex = 0; path = ValPHL.app; sourceTree = BUILT_PRODUCTS_DIR; };
		DFC1D94E1BA6847F002482C4 /* AppDelegate.swift */ = {isa = PBXFileReference; lastKnownFileType = sourcecode.swift; path = AppDelegate.swift; sourceTree = "<group>"; };
		DFC1D9501BA6847F002482C4 /* AddBlockViewController.swift */ = {isa = PBXFileReference; lastKnownFileType = sourcecode.swift; path = AddBlockViewController.swift; sourceTree = "<group>"; };
		DFC1D9531BA6847F002482C4 /* Base */ = {isa = PBXFileReference; lastKnownFileType = file.storyboard; name = Base; path = Base.lproj/Main.storyboard; sourceTree = "<group>"; };
		DFC1D9561BA6847F002482C4 /* PropPHL.xcdatamodel */ = {isa = PBXFileReference; lastKnownFileType = wrapper.xcdatamodel; path = PropPHL.xcdatamodel; sourceTree = "<group>"; };
		DFC1D9581BA6847F002482C4 /* Assets.xcassets */ = {isa = PBXFileReference; lastKnownFileType = folder.assetcatalog; path = Assets.xcassets; sourceTree = "<group>"; };
		DFC1D95B1BA6847F002482C4 /* Base */ = {isa = PBXFileReference; lastKnownFileType = file.storyboard; name = Base; path = Base.lproj/LaunchScreen.storyboard; sourceTree = "<group>"; };
		DFC1D95D1BA6847F002482C4 /* Info.plist */ = {isa = PBXFileReference; lastKnownFileType = text.plist.xml; path = Info.plist; sourceTree = "<group>"; };
		DFC1D9621BA6847F002482C4 /* ValPHL.xctest */ = {isa = PBXFileReference; explicitFileType = wrapper.cfbundle; includeInIndex = 0; path = ValPHL.xctest; sourceTree = BUILT_PRODUCTS_DIR; };
		DFC1D9661BA6847F002482C4 /* PropPHLTests.swift */ = {isa = PBXFileReference; lastKnownFileType = sourcecode.swift; path = PropPHLTests.swift; sourceTree = "<group>"; };
		DFC1D9681BA6847F002482C4 /* Info.plist */ = {isa = PBXFileReference; lastKnownFileType = text.plist.xml; path = Info.plist; sourceTree = "<group>"; };
		DFC1D96D1BA6847F002482C4 /* ValPHL.xctest */ = {isa = PBXFileReference; explicitFileType = wrapper.cfbundle; includeInIndex = 0; path = ValPHL.xctest; sourceTree = BUILT_PRODUCTS_DIR; };
		DFC1D9711BA6847F002482C4 /* PropPHLUITests.swift */ = {isa = PBXFileReference; lastKnownFileType = sourcecode.swift; path = PropPHLUITests.swift; sourceTree = "<group>"; };
		DFC1D9731BA6847F002482C4 /* Info.plist */ = {isa = PBXFileReference; lastKnownFileType = text.plist.xml; path = Info.plist; sourceTree = "<group>"; };
		DFC1D9821BA6850E002482C4 /* CoreDataStackManager.swift */ = {isa = PBXFileReference; fileEncoding = 4; lastKnownFileType = sourcecode.swift; path = CoreDataStackManager.swift; sourceTree = "<group>"; };
		DFC1D9861BA6887E002482C4 /* PHLOPAClient.swift */ = {isa = PBXFileReference; fileEncoding = 4; lastKnownFileType = sourcecode.swift; path = PHLOPAClient.swift; sourceTree = "<group>"; };
		DFC1D9881BA68896002482C4 /* Property.swift */ = {isa = PBXFileReference; fileEncoding = 4; lastKnownFileType = sourcecode.swift; path = Property.swift; sourceTree = "<group>"; };
		DFC1D98A1BA6890F002482C4 /* BlockTableViewController.swift */ = {isa = PBXFileReference; fileEncoding = 4; lastKnownFileType = sourcecode.swift; path = BlockTableViewController.swift; sourceTree = "<group>"; };
		DFC1D9901BA68C31002482C4 /* PropertyTableViewController.swift */ = {isa = PBXFileReference; fileEncoding = 4; lastKnownFileType = sourcecode.swift; path = PropertyTableViewController.swift; sourceTree = "<group>"; };
		DFC1D9921BA694D2002482C4 /* Block.swift */ = {isa = PBXFileReference; fileEncoding = 4; lastKnownFileType = sourcecode.swift; path = Block.swift; sourceTree = "<group>"; };
		DFD5B9FC1BB39F4000A04CDE /* PropertyDetailTableViewController.swift */ = {isa = PBXFileReference; fileEncoding = 4; lastKnownFileType = sourcecode.swift; path = PropertyDetailTableViewController.swift; sourceTree = "<group>"; };
		DFD8BF181BB34D9F008B7C9D /* BlockDetailTableViewController.swift */ = {isa = PBXFileReference; fileEncoding = 4; lastKnownFileType = sourcecode.swift; path = BlockDetailTableViewController.swift; sourceTree = "<group>"; };
/* End PBXFileReference section */

/* Begin PBXFrameworksBuildPhase section */
		DFC1D9481BA6847E002482C4 /* Frameworks */ = {
			isa = PBXFrameworksBuildPhase;
			buildActionMask = 2147483647;
			files = (
			);
			runOnlyForDeploymentPostprocessing = 0;
		};
		DFC1D95F1BA6847F002482C4 /* Frameworks */ = {
			isa = PBXFrameworksBuildPhase;
			buildActionMask = 2147483647;
			files = (
			);
			runOnlyForDeploymentPostprocessing = 0;
		};
		DFC1D96A1BA6847F002482C4 /* Frameworks */ = {
			isa = PBXFrameworksBuildPhase;
			buildActionMask = 2147483647;
			files = (
			);
			runOnlyForDeploymentPostprocessing = 0;
		};
/* End PBXFrameworksBuildPhase section */

/* Begin PBXGroup section */
		DF0190ED1BB61F2000B742CF /* GPX Files */ = {
			isa = PBXGroup;
			children = (
				DF0190EC1BB61EBF00B742CF /* ElfrethsAlley.gpx */,
				DF0190EE1BB6239500B742CF /* Stadiums.gpx */,
				DF0190EF1BB6241300B742CF /* ItalianMarket.gpx */,
				DF0190F01BB6248700B742CF /* Parkway.gpx */,
				DF0190F11BB624ED00B742CF /* Penn.gpx */,
				DF0190F21BB6254300B742CF /* Manayunk.gpx */,
			);
			name = "GPX Files";
			sourceTree = "<group>";
		};
		DF1B2F6A1BAF02F00031FA2B /* Helper */ = {
			isa = PBXGroup;
			children = (
				DF1B2F6B1BAF031F0031FA2B /* CapitalizeStreetName.swift */,
				DF1B2F6D1BAF0BC60031FA2B /* ValidateAddressInput.swift */,
			);
			name = Helper;
			sourceTree = "<group>";
		};
		DF5A4D371BA75B23007CD7D8 /* Client */ = {
			isa = PBXGroup;
			children = (
				DFC1D9861BA6887E002482C4 /* PHLOPAClient.swift */,
				DF5851501BE99E4C00DC5CA6 /* PhillyDataClient.swift */,
				DF5851741BE9A43000DC5CA6 /* PhillyDataClientConstants.swift */,
			);
			name = Client;
			sourceTree = "<group>";
		};
		DF80FBF01BAA6CFB00B6D2CE /* Storyboards */ = {
			isa = PBXGroup;
			children = (
				DFC1D95A1BA6847F002482C4 /* LaunchScreen.storyboard */,
				DFC1D9521BA6847F002482C4 /* Main.storyboard */,
			);
			name = Storyboards;
			sourceTree = "<group>";
		};
		DFC1D9421BA6847E002482C4 = {
			isa = PBXGroup;
			children = (
				DFC1D94D1BA6847F002482C4 /* ValPHL */,
				DFC1D9651BA6847F002482C4 /* PropPHLTests */,
				DFC1D9701BA6847F002482C4 /* PropPHLUITests */,
				DFC1D94C1BA6847E002482C4 /* Products */,
			);
			sourceTree = "<group>";
		};
		DFC1D94C1BA6847E002482C4 /* Products */ = {
			isa = PBXGroup;
			children = (
				DFC1D94B1BA6847E002482C4 /* ValPHL.app */,
				DFC1D9621BA6847F002482C4 /* ValPHL.xctest */,
				DFC1D96D1BA6847F002482C4 /* ValPHL.xctest */,
			);
			name = Products;
			sourceTree = "<group>";
		};
		DFC1D94D1BA6847F002482C4 /* ValPHL */ = {
			isa = PBXGroup;
			children = (
				DF1B2F6A1BAF02F00031FA2B /* Helper */,
				DFC1D97F1BA68492002482C4 /* Model */,
				DFC1D9801BA6849F002482C4 /* View */,
				DFC1D9811BA684AD002482C4 /* Controller */,
				DF5A4D371BA75B23007CD7D8 /* Client */,
				DFC1D94E1BA6847F002482C4 /* AppDelegate.swift */,
				DFBD9EE61BE469E7005845D5 /* about.html */,
				DF80FBF01BAA6CFB00B6D2CE /* Storyboards */,
				DFC1D9581BA6847F002482C4 /* Assets.xcassets */,
				DFC1D95D1BA6847F002482C4 /* Info.plist */,
				DF0190ED1BB61F2000B742CF /* GPX Files */,
			);
			name = ValPHL;
			path = PropPHL;
			sourceTree = "<group>";
		};
		DFC1D9651BA6847F002482C4 /* PropPHLTests */ = {
			isa = PBXGroup;
			children = (
				DFC1D9661BA6847F002482C4 /* PropPHLTests.swift */,
				DFC1D9681BA6847F002482C4 /* Info.plist */,
			);
			path = PropPHLTests;
			sourceTree = "<group>";
		};
		DFC1D9701BA6847F002482C4 /* PropPHLUITests */ = {
			isa = PBXGroup;
			children = (
				DFC1D9711BA6847F002482C4 /* PropPHLUITests.swift */,
				DFC1D9731BA6847F002482C4 /* Info.plist */,
			);
			path = PropPHLUITests;
			sourceTree = "<group>";
		};
		DFC1D97F1BA68492002482C4 /* Model */ = {
			isa = PBXGroup;
			children = (
				DFC1D9821BA6850E002482C4 /* CoreDataStackManager.swift */,
				DFC1D9551BA6847F002482C4 /* PropPHL.xcdatamodeld */,
				DFC1D9921BA694D2002482C4 /* Block.swift */,
				DFC1D9881BA68896002482C4 /* Property.swift */,
				DF1B2F2C1BADB9640031FA2B /* Pin.swift */,
			);
			name = Model;
			sourceTree = "<group>";
		};
		DFC1D9801BA6849F002482C4 /* View */ = {
			isa = PBXGroup;
			children = (
				DF5A4D381BA75BA8007CD7D8 /* DGRunKeeperSwitch.swift */,
				DF80FBEA1BAA0E8100B6D2CE /* FindBlockButton.swift */,
				DF80FBEC1BAA0F0D00B6D2CE /* ColorsExtension.swift */,
				DF1B2F281BAB60470031FA2B /* AddressMapSwitch.swift */,
			);
			name = View;
			sourceTree = "<group>";
		};
		DFC1D9811BA684AD002482C4 /* Controller */ = {
			isa = PBXGroup;
			children = (
				DFC1D98A1BA6890F002482C4 /* BlockTableViewController.swift */,
				DFC1D9901BA68C31002482C4 /* PropertyTableViewController.swift */,
				DF80FBE41BA9E47C00B6D2CE /* BlockDetailViewController.swift */,
				DF80FBE61BA9E48900B6D2CE /* PropertyDetailViewController.swift */,
				DFC1D9501BA6847F002482C4 /* AddBlockViewController.swift */,
				DFBBFDB61BB0FCC900DB563A /* InfoViewController.swift */,
				DFD8BF181BB34D9F008B7C9D /* BlockDetailTableViewController.swift */,
				DFD5B9FC1BB39F4000A04CDE /* PropertyDetailTableViewController.swift */,
			);
			name = Controller;
			sourceTree = "<group>";
		};
/* End PBXGroup section */

/* Begin PBXNativeTarget section */
		DFC1D94A1BA6847E002482C4 /* ValPHL */ = {
			isa = PBXNativeTarget;
			buildConfigurationList = DFC1D9761BA6847F002482C4 /* Build configuration list for PBXNativeTarget "ValPHL" */;
			buildPhases = (
				DFC1D9471BA6847E002482C4 /* Sources */,
				DFC1D9481BA6847E002482C4 /* Frameworks */,
				DFC1D9491BA6847E002482C4 /* Resources */,
			);
			buildRules = (
			);
			dependencies = (
			);
			name = ValPHL;
			productName = PropPHL;
			productReference = DFC1D94B1BA6847E002482C4 /* ValPHL.app */;
			productType = "com.apple.product-type.application";
		};
		DFC1D9611BA6847F002482C4 /* ValPHLTests */ = {
			isa = PBXNativeTarget;
			buildConfigurationList = DFC1D9791BA6847F002482C4 /* Build configuration list for PBXNativeTarget "ValPHLTests" */;
			buildPhases = (
				DFC1D95E1BA6847F002482C4 /* Sources */,
				DFC1D95F1BA6847F002482C4 /* Frameworks */,
				DFC1D9601BA6847F002482C4 /* Resources */,
			);
			buildRules = (
			);
			dependencies = (
				DFC1D9641BA6847F002482C4 /* PBXTargetDependency */,
			);
			name = ValPHLTests;
			productName = PropPHLTests;
			productReference = DFC1D9621BA6847F002482C4 /* ValPHL.xctest */;
			productType = "com.apple.product-type.bundle.unit-test";
		};
		DFC1D96C1BA6847F002482C4 /* ValPHLUITests */ = {
			isa = PBXNativeTarget;
			buildConfigurationList = DFC1D97C1BA6847F002482C4 /* Build configuration list for PBXNativeTarget "ValPHLUITests" */;
			buildPhases = (
				DFC1D9691BA6847F002482C4 /* Sources */,
				DFC1D96A1BA6847F002482C4 /* Frameworks */,
				DFC1D96B1BA6847F002482C4 /* Resources */,
			);
			buildRules = (
			);
			dependencies = (
				DFC1D96F1BA6847F002482C4 /* PBXTargetDependency */,
			);
			name = ValPHLUITests;
			productName = PropPHLUITests;
			productReference = DFC1D96D1BA6847F002482C4 /* ValPHL.xctest */;
			productType = "com.apple.product-type.bundle.ui-testing";
		};
/* End PBXNativeTarget section */

/* Begin PBXProject section */
		DFC1D9431BA6847E002482C4 /* Project object */ = {
			isa = PBXProject;
			attributes = {
				LastUpgradeCheck = 0700;
				ORGANIZATIONNAME = "Kelly Innes";
				TargetAttributes = {
					DFC1D94A1BA6847E002482C4 = {
						CreatedOnToolsVersion = 7.0;
						DevelopmentTeam = LWADLBJ896;
					};
					DFC1D9611BA6847F002482C4 = {
						CreatedOnToolsVersion = 7.0;
						TestTargetID = DFC1D94A1BA6847E002482C4;
					};
					DFC1D96C1BA6847F002482C4 = {
						CreatedOnToolsVersion = 7.0;
						TestTargetID = DFC1D94A1BA6847E002482C4;
					};
				};
			};
			buildConfigurationList = DFC1D9461BA6847E002482C4 /* Build configuration list for PBXProject "ValPHL" */;
			compatibilityVersion = "Xcode 3.2";
			developmentRegion = English;
			hasScannedForEncodings = 0;
			knownRegions = (
				en,
				Base,
			);
			mainGroup = DFC1D9421BA6847E002482C4;
			productRefGroup = DFC1D94C1BA6847E002482C4 /* Products */;
			projectDirPath = "";
			projectRoot = "";
			targets = (
				DFC1D94A1BA6847E002482C4 /* ValPHL */,
				DFC1D9611BA6847F002482C4 /* ValPHLTests */,
				DFC1D96C1BA6847F002482C4 /* ValPHLUITests */,
			);
		};
/* End PBXProject section */

/* Begin PBXResourcesBuildPhase section */
		DFC1D9491BA6847E002482C4 /* Resources */ = {
			isa = PBXResourcesBuildPhase;
			buildActionMask = 2147483647;
			files = (
				DFBD9EE71BE469E7005845D5 /* about.html in Resources */,
				DFC1D95C1BA6847F002482C4 /* LaunchScreen.storyboard in Resources */,
				DFC1D9591BA6847F002482C4 /* Assets.xcassets in Resources */,
				DFC1D9541BA6847F002482C4 /* Main.storyboard in Resources */,
			);
			runOnlyForDeploymentPostprocessing = 0;
		};
		DFC1D9601BA6847F002482C4 /* Resources */ = {
			isa = PBXResourcesBuildPhase;
			buildActionMask = 2147483647;
			files = (
			);
			runOnlyForDeploymentPostprocessing = 0;
		};
		DFC1D96B1BA6847F002482C4 /* Resources */ = {
			isa = PBXResourcesBuildPhase;
			buildActionMask = 2147483647;
			files = (
			);
			runOnlyForDeploymentPostprocessing = 0;
		};
/* End PBXResourcesBuildPhase section */

/* Begin PBXSourcesBuildPhase section */
		DFC1D9471BA6847E002482C4 /* Sources */ = {
			isa = PBXSourcesBuildPhase;
			buildActionMask = 2147483647;
			files = (
				DF5851751BE9A43000DC5CA6 /* PhillyDataClientConstants.swift in Sources */,
				DFC1D9891BA68896002482C4 /* Property.swift in Sources */,
				DF1B2F2D1BADB9640031FA2B /* Pin.swift in Sources */,
				DFC1D9931BA694D2002482C4 /* Block.swift in Sources */,
				DF80FBE71BA9E48900B6D2CE /* PropertyDetailViewController.swift in Sources */,
				DFD5B9FD1BB39F4000A04CDE /* PropertyDetailTableViewController.swift in Sources */,
				DFC1D9871BA6887E002482C4 /* PHLOPAClient.swift in Sources */,
				DF5A4D391BA75BA8007CD7D8 /* DGRunKeeperSwitch.swift in Sources */,
				DF1B2F291BAB60470031FA2B /* AddressMapSwitch.swift in Sources */,
				DFD8BF191BB34D9F008B7C9D /* BlockDetailTableViewController.swift in Sources */,
				DFC1D9511BA6847F002482C4 /* AddBlockViewController.swift in Sources */,
				DF80FBEB1BAA0E8100B6D2CE /* FindBlockButton.swift in Sources */,
				DFBBFDB71BB0FCC900DB563A /* InfoViewController.swift in Sources */,
				DF5851511BE99E4C00DC5CA6 /* PhillyDataClient.swift in Sources */,
				DFC1D98B1BA6890F002482C4 /* BlockTableViewController.swift in Sources */,
				DFC1D9911BA68C31002482C4 /* PropertyTableViewController.swift in Sources */,
				DF80FBED1BAA0F0D00B6D2CE /* ColorsExtension.swift in Sources */,
				DF1B2F6C1BAF031F0031FA2B /* CapitalizeStreetName.swift in Sources */,
				DF1B2F6E1BAF0BC60031FA2B /* ValidateAddressInput.swift in Sources */,
				DFC1D9831BA6850E002482C4 /* CoreDataStackManager.swift in Sources */,
				DFC1D94F1BA6847F002482C4 /* AppDelegate.swift in Sources */,
				DFC1D9571BA6847F002482C4 /* PropPHL.xcdatamodeld in Sources */,
				DF80FBE51BA9E47C00B6D2CE /* BlockDetailViewController.swift in Sources */,
			);
			runOnlyForDeploymentPostprocessing = 0;
		};
		DFC1D95E1BA6847F002482C4 /* Sources */ = {
			isa = PBXSourcesBuildPhase;
			buildActionMask = 2147483647;
			files = (
				DFC1D9671BA6847F002482C4 /* PropPHLTests.swift in Sources */,
			);
			runOnlyForDeploymentPostprocessing = 0;
		};
		DFC1D9691BA6847F002482C4 /* Sources */ = {
			isa = PBXSourcesBuildPhase;
			buildActionMask = 2147483647;
			files = (
				DFC1D9721BA6847F002482C4 /* PropPHLUITests.swift in Sources */,
			);
			runOnlyForDeploymentPostprocessing = 0;
		};
/* End PBXSourcesBuildPhase section */

/* Begin PBXTargetDependency section */
		DFC1D9641BA6847F002482C4 /* PBXTargetDependency */ = {
			isa = PBXTargetDependency;
			target = DFC1D94A1BA6847E002482C4 /* ValPHL */;
			targetProxy = DFC1D9631BA6847F002482C4 /* PBXContainerItemProxy */;
		};
		DFC1D96F1BA6847F002482C4 /* PBXTargetDependency */ = {
			isa = PBXTargetDependency;
			target = DFC1D94A1BA6847E002482C4 /* ValPHL */;
			targetProxy = DFC1D96E1BA6847F002482C4 /* PBXContainerItemProxy */;
		};
/* End PBXTargetDependency section */

/* Begin PBXVariantGroup section */
		DFC1D9521BA6847F002482C4 /* Main.storyboard */ = {
			isa = PBXVariantGroup;
			children = (
				DFC1D9531BA6847F002482C4 /* Base */,
			);
			name = Main.storyboard;
			sourceTree = "<group>";
		};
		DFC1D95A1BA6847F002482C4 /* LaunchScreen.storyboard */ = {
			isa = PBXVariantGroup;
			children = (
				DFC1D95B1BA6847F002482C4 /* Base */,
			);
			name = LaunchScreen.storyboard;
			sourceTree = "<group>";
		};
/* End PBXVariantGroup section */

/* Begin XCBuildConfiguration section */
		DFC1D9741BA6847F002482C4 /* Debug */ = {
			isa = XCBuildConfiguration;
			buildSettings = {
				ALWAYS_SEARCH_USER_PATHS = NO;
				CLANG_CXX_LANGUAGE_STANDARD = "gnu++0x";
				CLANG_CXX_LIBRARY = "libc++";
				CLANG_ENABLE_MODULES = YES;
				CLANG_ENABLE_OBJC_ARC = YES;
				CLANG_WARN_BOOL_CONVERSION = YES;
				CLANG_WARN_CONSTANT_CONVERSION = YES;
				CLANG_WARN_DIRECT_OBJC_ISA_USAGE = YES_ERROR;
				CLANG_WARN_EMPTY_BODY = YES;
				CLANG_WARN_ENUM_CONVERSION = YES;
				CLANG_WARN_INT_CONVERSION = YES;
				CLANG_WARN_OBJC_ROOT_CLASS = YES_ERROR;
				CLANG_WARN_UNREACHABLE_CODE = YES;
				CLANG_WARN__DUPLICATE_METHOD_MATCH = YES;
				"CODE_SIGN_IDENTITY[sdk=iphoneos*]" = "iPhone Developer";
				COPY_PHASE_STRIP = NO;
				DEBUG_INFORMATION_FORMAT = dwarf;
				ENABLE_STRICT_OBJC_MSGSEND = YES;
				ENABLE_TESTABILITY = YES;
				GCC_C_LANGUAGE_STANDARD = gnu99;
				GCC_DYNAMIC_NO_PIC = NO;
				GCC_NO_COMMON_BLOCKS = YES;
				GCC_OPTIMIZATION_LEVEL = 0;
				GCC_PREPROCESSOR_DEFINITIONS = (
					"DEBUG=1",
					"$(inherited)",
				);
				GCC_WARN_64_TO_32_BIT_CONVERSION = YES;
				GCC_WARN_ABOUT_RETURN_TYPE = YES_ERROR;
				GCC_WARN_UNDECLARED_SELECTOR = YES;
				GCC_WARN_UNINITIALIZED_AUTOS = YES_AGGRESSIVE;
				GCC_WARN_UNUSED_FUNCTION = YES;
				GCC_WARN_UNUSED_VARIABLE = YES;
				IPHONEOS_DEPLOYMENT_TARGET = 9.0;
				MTL_ENABLE_DEBUG_INFO = YES;
				ONLY_ACTIVE_ARCH = YES;
				SDKROOT = iphoneos;
				SWIFT_OPTIMIZATION_LEVEL = "-Onone";
			};
			name = Debug;
		};
		DFC1D9751BA6847F002482C4 /* Release */ = {
			isa = XCBuildConfiguration;
			buildSettings = {
				ALWAYS_SEARCH_USER_PATHS = NO;
				CLANG_CXX_LANGUAGE_STANDARD = "gnu++0x";
				CLANG_CXX_LIBRARY = "libc++";
				CLANG_ENABLE_MODULES = YES;
				CLANG_ENABLE_OBJC_ARC = YES;
				CLANG_WARN_BOOL_CONVERSION = YES;
				CLANG_WARN_CONSTANT_CONVERSION = YES;
				CLANG_WARN_DIRECT_OBJC_ISA_USAGE = YES_ERROR;
				CLANG_WARN_EMPTY_BODY = YES;
				CLANG_WARN_ENUM_CONVERSION = YES;
				CLANG_WARN_INT_CONVERSION = YES;
				CLANG_WARN_OBJC_ROOT_CLASS = YES_ERROR;
				CLANG_WARN_UNREACHABLE_CODE = YES;
				CLANG_WARN__DUPLICATE_METHOD_MATCH = YES;
				"CODE_SIGN_IDENTITY[sdk=iphoneos*]" = "iPhone Developer";
				COPY_PHASE_STRIP = NO;
				DEBUG_INFORMATION_FORMAT = "dwarf-with-dsym";
				ENABLE_NS_ASSERTIONS = NO;
				ENABLE_STRICT_OBJC_MSGSEND = YES;
				GCC_C_LANGUAGE_STANDARD = gnu99;
				GCC_NO_COMMON_BLOCKS = YES;
				GCC_WARN_64_TO_32_BIT_CONVERSION = YES;
				GCC_WARN_ABOUT_RETURN_TYPE = YES_ERROR;
				GCC_WARN_UNDECLARED_SELECTOR = YES;
				GCC_WARN_UNINITIALIZED_AUTOS = YES_AGGRESSIVE;
				GCC_WARN_UNUSED_FUNCTION = YES;
				GCC_WARN_UNUSED_VARIABLE = YES;
				IPHONEOS_DEPLOYMENT_TARGET = 9.0;
				MTL_ENABLE_DEBUG_INFO = NO;
				SDKROOT = iphoneos;
				VALIDATE_PRODUCT = YES;
			};
			name = Release;
		};
		DFC1D9771BA6847F002482C4 /* Debug */ = {
			isa = XCBuildConfiguration;
			buildSettings = {
				ASSETCATALOG_COMPILER_APPICON_NAME = AppIcon;
				CODE_SIGN_IDENTITY = "iPhone Developer";
				INFOPLIST_FILE = PropPHL/Info.plist;
				IPHONEOS_DEPLOYMENT_TARGET = 9.0;
				LD_RUNPATH_SEARCH_PATHS = "$(inherited) @executable_path/Frameworks";
				PRODUCT_BUNDLE_IDENTIFIER = com.kellyinnes.ValPHL;
				PRODUCT_NAME = ValPHL;
				TARGETED_DEVICE_FAMILY = 1;
			};
			name = Debug;
		};
		DFC1D9781BA6847F002482C4 /* Release */ = {
			isa = XCBuildConfiguration;
			buildSettings = {
				ASSETCATALOG_COMPILER_APPICON_NAME = AppIcon;
				CODE_SIGN_IDENTITY = "iPhone Developer";
				INFOPLIST_FILE = PropPHL/Info.plist;
				IPHONEOS_DEPLOYMENT_TARGET = 9.0;
				LD_RUNPATH_SEARCH_PATHS = "$(inherited) @executable_path/Frameworks";
				PRODUCT_BUNDLE_IDENTIFIER = com.kellyinnes.ValPHL;
				PRODUCT_NAME = ValPHL;
				TARGETED_DEVICE_FAMILY = 1;
			};
			name = Release;
		};
		DFC1D97A1BA6847F002482C4 /* Debug */ = {
			isa = XCBuildConfiguration;
			buildSettings = {
				BUNDLE_LOADER = "$(TEST_HOST)";
				INFOPLIST_FILE = PropPHLTests/Info.plist;
				LD_RUNPATH_SEARCH_PATHS = "$(inherited) @executable_path/Frameworks @loader_path/Frameworks";
				PRODUCT_BUNDLE_IDENTIFIER = com.kellyinnes.PropPHLTests;
				PRODUCT_NAME = ValPHL;
				TEST_HOST = "$(BUILT_PRODUCTS_DIR)/ValPHL.app/ValPHL";
			};
			name = Debug;
		};
		DFC1D97B1BA6847F002482C4 /* Release */ = {
			isa = XCBuildConfiguration;
			buildSettings = {
				BUNDLE_LOADER = "$(TEST_HOST)";
				INFOPLIST_FILE = PropPHLTests/Info.plist;
				LD_RUNPATH_SEARCH_PATHS = "$(inherited) @executable_path/Frameworks @loader_path/Frameworks";
				PRODUCT_BUNDLE_IDENTIFIER = com.kellyinnes.PropPHLTests;
				PRODUCT_NAME = ValPHL;
				TEST_HOST = "$(BUILT_PRODUCTS_DIR)/ValPHL.app/ValPHL";
			};
			name = Release;
		};
		DFC1D97D1BA6847F002482C4 /* Debug */ = {
			isa = XCBuildConfiguration;
			buildSettings = {
				INFOPLIST_FILE = PropPHLUITests/Info.plist;
				LD_RUNPATH_SEARCH_PATHS = "$(inherited) @executable_path/Frameworks @loader_path/Frameworks";
				PRODUCT_BUNDLE_IDENTIFIER = com.kellyinnes.PropPHLUITests;
				PRODUCT_NAME = ValPHL;
				TEST_TARGET_NAME = PropPHL;
				USES_XCTRUNNER = YES;
			};
			name = Debug;
		};
		DFC1D97E1BA6847F002482C4 /* Release */ = {
			isa = XCBuildConfiguration;
			buildSettings = {
				INFOPLIST_FILE = PropPHLUITests/Info.plist;
				LD_RUNPATH_SEARCH_PATHS = "$(inherited) @executable_path/Frameworks @loader_path/Frameworks";
				PRODUCT_BUNDLE_IDENTIFIER = com.kellyinnes.PropPHLUITests;
				PRODUCT_NAME = ValPHL;
				TEST_TARGET_NAME = PropPHL;
				USES_XCTRUNNER = YES;
			};
			name = Release;
		};
/* End XCBuildConfiguration section */

/* Begin XCConfigurationList section */
		DFC1D9461BA6847E002482C4 /* Build configuration list for PBXProject "ValPHL" */ = {
			isa = XCConfigurationList;
			buildConfigurations = (
				DFC1D9741BA6847F002482C4 /* Debug */,
				DFC1D9751BA6847F002482C4 /* Release */,
			);
			defaultConfigurationIsVisible = 0;
			defaultConfigurationName = Release;
		};
		DFC1D9761BA6847F002482C4 /* Build configuration list for PBXNativeTarget "ValPHL" */ = {
			isa = XCConfigurationList;
			buildConfigurations = (
				DFC1D9771BA6847F002482C4 /* Debug */,
				DFC1D9781BA6847F002482C4 /* Release */,
			);
			defaultConfigurationIsVisible = 0;
			defaultConfigurationName = Release;
		};
		DFC1D9791BA6847F002482C4 /* Build configuration list for PBXNativeTarget "ValPHLTests" */ = {
			isa = XCConfigurationList;
			buildConfigurations = (
				DFC1D97A1BA6847F002482C4 /* Debug */,
				DFC1D97B1BA6847F002482C4 /* Release */,
			);
			defaultConfigurationIsVisible = 0;
			defaultConfigurationName = Release;
		};
		DFC1D97C1BA6847F002482C4 /* Build configuration list for PBXNativeTarget "ValPHLUITests" */ = {
			isa = XCConfigurationList;
			buildConfigurations = (
				DFC1D97D1BA6847F002482C4 /* Debug */,
				DFC1D97E1BA6847F002482C4 /* Release */,
			);
			defaultConfigurationIsVisible = 0;
			defaultConfigurationName = Release;
		};
/* End XCConfigurationList section */

/* Begin XCVersionGroup section */
		DFC1D9551BA6847F002482C4 /* PropPHL.xcdatamodeld */ = {
			isa = XCVersionGroup;
			children = (
				DFC1D9561BA6847F002482C4 /* PropPHL.xcdatamodel */,
			);
			currentVersion = DFC1D9561BA6847F002482C4 /* PropPHL.xcdatamodel */;
			path = PropPHL.xcdatamodeld;
			sourceTree = "<group>";
			versionGroupType = wrapper.xcdatamodel;
		};
/* End XCVersionGroup section */
	};
	rootObject = DFC1D9431BA6847E002482C4 /* Project object */;
}
